// !$*UTF8*$!
{
	archiveVersion = 1;
	classes = {
	};
	objectVersion = 46;
	objects = {

/* Begin PBXBuildFile section */
		677C59841A6F475200110D1C /* Images.xcassets in Resources */ = {isa = PBXBuildFile; fileRef = 677C59831A6F475200110D1C /* Images.xcassets */; };
		67BA2EBE1A6F7EA7008CC3F3 /* Images.xcassets in Resources */ = {isa = PBXBuildFile; fileRef = 67BA2EB31A6F7EA7008CC3F3 /* Images.xcassets */; };
		67BA2EC01A6F7EA7008CC3F3 /* AdvancedLineChartViewController.swift in Sources */ = {isa = PBXBuildFile; fileRef = 67BA2EB61A6F7EA7008CC3F3 /* AdvancedLineChartViewController.swift */; };
		67BA2EC11A6F7EA7008CC3F3 /* DynamicLineChartViewController.swift in Sources */ = {isa = PBXBuildFile; fileRef = 67BA2EB71A6F7EA7008CC3F3 /* DynamicLineChartViewController.swift */; };
		67BA2EC21A6F7EA7008CC3F3 /* LabeledLineChartViewController.swift in Sources */ = {isa = PBXBuildFile; fileRef = 67BA2EB81A6F7EA7008CC3F3 /* LabeledLineChartViewController.swift */; };
		67BA2EC31A6F7EA7008CC3F3 /* MultiAxisLineChartViewController.swift in Sources */ = {isa = PBXBuildFile; fileRef = 67BA2EB91A6F7EA7008CC3F3 /* MultiAxisLineChartViewController.swift */; };
		67BA2EC41A6F7EA7008CC3F3 /* SimpleLineChartViewController.swift in Sources */ = {isa = PBXBuildFile; fileRef = 67BA2EBA1A6F7EA7008CC3F3 /* SimpleLineChartViewController.swift */; };
		67BA2ECA1A701955008CC3F3 /* AppDelegate.swift in Sources */ = {isa = PBXBuildFile; fileRef = 67BA2EC91A701955008CC3F3 /* AppDelegate.swift */; };
		67BA2ECC1A70195F008CC3F3 /* AppDelegate.swift in Sources */ = {isa = PBXBuildFile; fileRef = 67BA2ECB1A70195F008CC3F3 /* AppDelegate.swift */; };
		67BA2ED51A701AE4008CC3F3 /* Main.storyboard in Resources */ = {isa = PBXBuildFile; fileRef = 67BA2ED21A701AE4008CC3F3 /* Main.storyboard */; };
		67BA2ED81A701B25008CC3F3 /* LineChart.swift in Sources */ = {isa = PBXBuildFile; fileRef = 67BA2ED71A701B25008CC3F3 /* LineChart.swift */; };
		67BA2ED91A701B25008CC3F3 /* LineChart.swift in Sources */ = {isa = PBXBuildFile; fileRef = 67BA2ED71A701B25008CC3F3 /* LineChart.swift */; };
		67BA2EDC1A701BCA008CC3F3 /* Main.storyboard in Resources */ = {isa = PBXBuildFile; fileRef = 67BA2EDA1A701BCA008CC3F3 /* Main.storyboard */; };
		67BA2EDD1A701BCA008CC3F3 /* Main.storyboard in Resources */ = {isa = PBXBuildFile; fileRef = 67BA2EDA1A701BCA008CC3F3 /* Main.storyboard */; };
		67E756A41A6F78EB0078C523 /* AdvancedLineChartViewController.swift in Sources */ = {isa = PBXBuildFile; fileRef = 67E7569F1A6F78EB0078C523 /* AdvancedLineChartViewController.swift */; };
		67E756A51A6F78EB0078C523 /* DynamicLineChartViewController.swift in Sources */ = {isa = PBXBuildFile; fileRef = 67E756A01A6F78EB0078C523 /* DynamicLineChartViewController.swift */; };
		67E756A61A6F78EB0078C523 /* LabeledLineChartViewController.swift in Sources */ = {isa = PBXBuildFile; fileRef = 67E756A11A6F78EB0078C523 /* LabeledLineChartViewController.swift */; };
		67E756A71A6F78EB0078C523 /* MultiAxisLineChartViewController.swift in Sources */ = {isa = PBXBuildFile; fileRef = 67E756A21A6F78EB0078C523 /* MultiAxisLineChartViewController.swift */; };
		67E756A81A6F78EB0078C523 /* SimpleLineChartViewController.swift in Sources */ = {isa = PBXBuildFile; fileRef = 67E756A31A6F78EB0078C523 /* SimpleLineChartViewController.swift */; };
/* End PBXBuildFile section */

/* Begin PBXFileReference section */
		677C59501A6F473500110D1C /* SwiftChartsiOS.app */ = {isa = PBXFileReference; explicitFileType = wrapper.application; includeInIndex = 0; path = SwiftChartsiOS.app; sourceTree = BUILT_PRODUCTS_DIR; };
		677C597B1A6F475200110D1C /* SwiftChartsMac.app */ = {isa = PBXFileReference; explicitFileType = wrapper.application; includeInIndex = 0; path = SwiftChartsMac.app; sourceTree = BUILT_PRODUCTS_DIR; };
		677C597E1A6F475200110D1C /* Info.plist */ = {isa = PBXFileReference; lastKnownFileType = text.plist.xml; path = Info.plist; sourceTree = "<group>"; };
		677C59831A6F475200110D1C /* Images.xcassets */ = {isa = PBXFileReference; lastKnownFileType = folder.assetcatalog; path = Images.xcassets; sourceTree = "<group>"; };
		67BA2EB01A6F7EA7008CC3F3 /* Base */ = {isa = PBXFileReference; lastKnownFileType = file.xib; name = Base; path = Base.lproj/LaunchScreen.xib; sourceTree = "<group>"; };
		67BA2EB31A6F7EA7008CC3F3 /* Images.xcassets */ = {isa = PBXFileReference; lastKnownFileType = folder.assetcatalog; path = Images.xcassets; sourceTree = "<group>"; };
		67BA2EB41A6F7EA7008CC3F3 /* Info.plist */ = {isa = PBXFileReference; fileEncoding = 4; lastKnownFileType = text.plist.xml; path = Info.plist; sourceTree = "<group>"; };
		67BA2EB61A6F7EA7008CC3F3 /* AdvancedLineChartViewController.swift */ = {isa = PBXFileReference; fileEncoding = 4; lastKnownFileType = sourcecode.swift; path = AdvancedLineChartViewController.swift; sourceTree = "<group>"; };
		67BA2EB71A6F7EA7008CC3F3 /* DynamicLineChartViewController.swift */ = {isa = PBXFileReference; fileEncoding = 4; lastKnownFileType = sourcecode.swift; path = DynamicLineChartViewController.swift; sourceTree = "<group>"; };
		67BA2EB81A6F7EA7008CC3F3 /* LabeledLineChartViewController.swift */ = {isa = PBXFileReference; fileEncoding = 4; lastKnownFileType = sourcecode.swift; path = LabeledLineChartViewController.swift; sourceTree = "<group>"; };
		67BA2EB91A6F7EA7008CC3F3 /* MultiAxisLineChartViewController.swift */ = {isa = PBXFileReference; fileEncoding = 4; lastKnownFileType = sourcecode.swift; path = MultiAxisLineChartViewController.swift; sourceTree = "<group>"; };
		67BA2EBA1A6F7EA7008CC3F3 /* SimpleLineChartViewController.swift */ = {isa = PBXFileReference; fileEncoding = 4; lastKnownFileType = sourcecode.swift; path = SimpleLineChartViewController.swift; sourceTree = "<group>"; };
		67BA2EC91A701955008CC3F3 /* AppDelegate.swift */ = {isa = PBXFileReference; fileEncoding = 4; lastKnownFileType = sourcecode.swift; path = AppDelegate.swift; sourceTree = "<group>"; };
		67BA2ECB1A70195F008CC3F3 /* AppDelegate.swift */ = {isa = PBXFileReference; fileEncoding = 4; lastKnownFileType = sourcecode.swift; path = AppDelegate.swift; sourceTree = "<group>"; };
		67BA2ED31A701AE4008CC3F3 /* Base */ = {isa = PBXFileReference; lastKnownFileType = file.storyboard; name = Base; path = Base.lproj/Main.storyboard; sourceTree = "<group>"; };
		67BA2ED71A701B25008CC3F3 /* LineChart.swift */ = {isa = PBXFileReference; fileEncoding = 4; lastKnownFileType = sourcecode.swift; path = LineChart.swift; sourceTree = "<group>"; };
		67BA2EDB1A701BCA008CC3F3 /* Base */ = {isa = PBXFileReference; lastKnownFileType = file.storyboard; name = Base; path = Base.lproj/Main.storyboard; sourceTree = "<group>"; };
		67E7569F1A6F78EB0078C523 /* AdvancedLineChartViewController.swift */ = {isa = PBXFileReference; fileEncoding = 4; lastKnownFileType = sourcecode.swift; path = AdvancedLineChartViewController.swift; sourceTree = "<group>"; };
		67E756A01A6F78EB0078C523 /* DynamicLineChartViewController.swift */ = {isa = PBXFileReference; fileEncoding = 4; lastKnownFileType = sourcecode.swift; path = DynamicLineChartViewController.swift; sourceTree = "<group>"; };
		67E756A11A6F78EB0078C523 /* LabeledLineChartViewController.swift */ = {isa = PBXFileReference; fileEncoding = 4; lastKnownFileType = sourcecode.swift; path = LabeledLineChartViewController.swift; sourceTree = "<group>"; };
		67E756A21A6F78EB0078C523 /* MultiAxisLineChartViewController.swift */ = {isa = PBXFileReference; fileEncoding = 4; lastKnownFileType = sourcecode.swift; path = MultiAxisLineChartViewController.swift; sourceTree = "<group>"; };
		67E756A31A6F78EB0078C523 /* SimpleLineChartViewController.swift */ = {isa = PBXFileReference; fileEncoding = 4; lastKnownFileType = sourcecode.swift; path = SimpleLineChartViewController.swift; sourceTree = "<group>"; };
/* End PBXFileReference section */

/* Begin PBXFrameworksBuildPhase section */
		677C594D1A6F473500110D1C /* Frameworks */ = {
			isa = PBXFrameworksBuildPhase;
			buildActionMask = 2147483647;
			files = (
			);
			runOnlyForDeploymentPostprocessing = 0;
		};
		677C59781A6F475200110D1C /* Frameworks */ = {
			isa = PBXFrameworksBuildPhase;
			buildActionMask = 2147483647;
			files = (
			);
			runOnlyForDeploymentPostprocessing = 0;
		};
/* End PBXFrameworksBuildPhase section */

/* Begin PBXGroup section */
		677C59471A6F473500110D1C = {
			isa = PBXGroup;
			children = (
				67BA2ED61A701B25008CC3F3 /* SwiftCharts */,
				67BA2EAD1A6F7EA7008CC3F3 /* SwiftChartsiOS */,
				677C597C1A6F475200110D1C /* SwiftChartsMac */,
				677C59511A6F473500110D1C /* Products */,
			);
			sourceTree = "<group>";
		};
		677C59511A6F473500110D1C /* Products */ = {
			isa = PBXGroup;
			children = (
				677C59501A6F473500110D1C /* SwiftChartsiOS.app */,
				677C597B1A6F475200110D1C /* SwiftChartsMac.app */,
			);
			name = Products;
			sourceTree = "<group>";
		};
		677C597C1A6F475200110D1C /* SwiftChartsMac */ = {
			isa = PBXGroup;
			children = (
				67E7569E1A6F78EB0078C523 /* View Controllers */,
				677C597D1A6F475200110D1C /* Supporting Files */,
				677C59831A6F475200110D1C /* Images.xcassets */,
			);
			path = SwiftChartsMac;
			sourceTree = "<group>";
		};
		677C597D1A6F475200110D1C /* Supporting Files */ = {
			isa = PBXGroup;
			children = (
				67BA2ECB1A70195F008CC3F3 /* AppDelegate.swift */,
				67BA2ED21A701AE4008CC3F3 /* Main.storyboard */,
				677C597E1A6F475200110D1C /* Info.plist */,
			);
			name = "Supporting Files";
			sourceTree = "<group>";
		};
		67BA2EAD1A6F7EA7008CC3F3 /* SwiftChartsiOS */ = {
			isa = PBXGroup;
			children = (
				67BA2EB51A6F7EA7008CC3F3 /* View Controllers */,
				67BA2EC71A6F7EF7008CC3F3 /* Supporting Files */,
				67BA2EB31A6F7EA7008CC3F3 /* Images.xcassets */,
			);
			path = SwiftChartsiOS;
			sourceTree = "<group>";
		};
		67BA2EB51A6F7EA7008CC3F3 /* View Controllers */ = {
			isa = PBXGroup;
			children = (
				67BA2EBA1A6F7EA7008CC3F3 /* SimpleLineChartViewController.swift */,
				67BA2EB61A6F7EA7008CC3F3 /* AdvancedLineChartViewController.swift */,
				67BA2EB81A6F7EA7008CC3F3 /* LabeledLineChartViewController.swift */,
				67BA2EB71A6F7EA7008CC3F3 /* DynamicLineChartViewController.swift */,
				67BA2EB91A6F7EA7008CC3F3 /* MultiAxisLineChartViewController.swift */,
			);
			path = "View Controllers";
			sourceTree = "<group>";
		};
		67BA2EC71A6F7EF7008CC3F3 /* Supporting Files */ = {
			isa = PBXGroup;
			children = (
				67BA2EDA1A701BCA008CC3F3 /* Main.storyboard */,
				67BA2EC91A701955008CC3F3 /* AppDelegate.swift */,
				67BA2EAF1A6F7EA7008CC3F3 /* LaunchScreen.xib */,
				67BA2EB41A6F7EA7008CC3F3 /* Info.plist */,
			);
			name = "Supporting Files";
			sourceTree = "<group>";
		};
		67BA2ED61A701B25008CC3F3 /* SwiftCharts */ = {
			isa = PBXGroup;
			children = (
				67BA2ED71A701B25008CC3F3 /* LineChart.swift */,
			);
			path = SwiftCharts;
			sourceTree = "<group>";
		};
		67E7569E1A6F78EB0078C523 /* View Controllers */ = {
			isa = PBXGroup;
			children = (
				67E756A31A6F78EB0078C523 /* SimpleLineChartViewController.swift */,
				67E7569F1A6F78EB0078C523 /* AdvancedLineChartViewController.swift */,
				67E756A11A6F78EB0078C523 /* LabeledLineChartViewController.swift */,
				67E756A01A6F78EB0078C523 /* DynamicLineChartViewController.swift */,
				67E756A21A6F78EB0078C523 /* MultiAxisLineChartViewController.swift */,
			);
			path = "View Controllers";
			sourceTree = "<group>";
		};
/* End PBXGroup section */

/* Begin PBXNativeTarget section */
		677C594F1A6F473500110D1C /* SwiftChartsiOS */ = {
			isa = PBXNativeTarget;
			buildConfigurationList = 677C59711A6F473500110D1C /* Build configuration list for PBXNativeTarget "SwiftChartsiOS" */;
			buildPhases = (
				677C594C1A6F473500110D1C /* Sources */,
				677C594D1A6F473500110D1C /* Frameworks */,
				677C594E1A6F473500110D1C /* Resources */,
			);
			buildRules = (
			);
			dependencies = (
			);
			name = SwiftChartsiOS;
			productName = SwiftCharts;
			productReference = 677C59501A6F473500110D1C /* SwiftChartsiOS.app */;
			productType = "com.apple.product-type.application";
		};
		677C597A1A6F475200110D1C /* SwiftChartsMac */ = {
			isa = PBXNativeTarget;
			buildConfigurationList = 677C59941A6F475200110D1C /* Build configuration list for PBXNativeTarget "SwiftChartsMac" */;
			buildPhases = (
				677C59771A6F475200110D1C /* Sources */,
				677C59781A6F475200110D1C /* Frameworks */,
				677C59791A6F475200110D1C /* Resources */,
			);
			buildRules = (
			);
			dependencies = (
			);
			name = SwiftChartsMac;
			productName = SwiftChartsMac;
			productReference = 677C597B1A6F475200110D1C /* SwiftChartsMac.app */;
			productType = "com.apple.product-type.application";
		};
/* End PBXNativeTarget section */

/* Begin PBXProject section */
		677C59481A6F473500110D1C /* Project object */ = {
			isa = PBXProject;
			attributes = {
				LastUpgradeCheck = 0610;
				ORGANIZATIONNAME = KevinBrewster;
				TargetAttributes = {
					677C594F1A6F473500110D1C = {
						CreatedOnToolsVersion = 6.1.1;
					};
					677C597A1A6F475200110D1C = {
						CreatedOnToolsVersion = 6.1.1;
					};
				};
			};
			buildConfigurationList = 677C594B1A6F473500110D1C /* Build configuration list for PBXProject "SwiftCharts" */;
			compatibilityVersion = "Xcode 3.2";
			developmentRegion = English;
			hasScannedForEncodings = 0;
			knownRegions = (
				en,
				Base,
			);
			mainGroup = 677C59471A6F473500110D1C;
			productRefGroup = 677C59511A6F473500110D1C /* Products */;
			projectDirPath = "";
			projectRoot = "";
			targets = (
				677C594F1A6F473500110D1C /* SwiftChartsiOS */,
				677C597A1A6F475200110D1C /* SwiftChartsMac */,
			);
		};
/* End PBXProject section */

/* Begin PBXResourcesBuildPhase section */
		677C594E1A6F473500110D1C /* Resources */ = {
			isa = PBXResourcesBuildPhase;
			buildActionMask = 2147483647;
			files = (
				67BA2EBE1A6F7EA7008CC3F3 /* Images.xcassets in Resources */,
				67BA2EDC1A701BCA008CC3F3 /* Main.storyboard in Resources */,
			);
			runOnlyForDeploymentPostprocessing = 0;
		};
		677C59791A6F475200110D1C /* Resources */ = {
			isa = PBXResourcesBuildPhase;
			buildActionMask = 2147483647;
			files = (
				67BA2EDD1A701BCA008CC3F3 /* Main.storyboard in Resources */,
				67BA2ED51A701AE4008CC3F3 /* Main.storyboard in Resources */,
				677C59841A6F475200110D1C /* Images.xcassets in Resources */,
			);
			runOnlyForDeploymentPostprocessing = 0;
		};
/* End PBXResourcesBuildPhase section */

/* Begin PBXSourcesBuildPhase section */
		677C594C1A6F473500110D1C /* Sources */ = {
			isa = PBXSourcesBuildPhase;
			buildActionMask = 2147483647;
			files = (
				67BA2EC11A6F7EA7008CC3F3 /* DynamicLineChartViewController.swift in Sources */,
				67BA2EC41A6F7EA7008CC3F3 /* SimpleLineChartViewController.swift in Sources */,
				67BA2EC21A6F7EA7008CC3F3 /* LabeledLineChartViewController.swift in Sources */,
				67BA2ECA1A701955008CC3F3 /* AppDelegate.swift in Sources */,
				67BA2ED81A701B25008CC3F3 /* LineChart.swift in Sources */,
				67BA2EC01A6F7EA7008CC3F3 /* AdvancedLineChartViewController.swift in Sources */,
				67BA2EC31A6F7EA7008CC3F3 /* MultiAxisLineChartViewController.swift in Sources */,
			);
			runOnlyForDeploymentPostprocessing = 0;
		};
		677C59771A6F475200110D1C /* Sources */ = {
			isa = PBXSourcesBuildPhase;
			buildActionMask = 2147483647;
			files = (
				67E756A61A6F78EB0078C523 /* LabeledLineChartViewController.swift in Sources */,
				67E756A71A6F78EB0078C523 /* MultiAxisLineChartViewController.swift in Sources */,
				67E756A51A6F78EB0078C523 /* DynamicLineChartViewController.swift in Sources */,
				67BA2ECC1A70195F008CC3F3 /* AppDelegate.swift in Sources */,
				67BA2ED91A701B25008CC3F3 /* LineChart.swift in Sources */,
				67E756A41A6F78EB0078C523 /* AdvancedLineChartViewController.swift in Sources */,
				67E756A81A6F78EB0078C523 /* SimpleLineChartViewController.swift in Sources */,
			);
			runOnlyForDeploymentPostprocessing = 0;
		};
/* End PBXSourcesBuildPhase section */

/* Begin PBXVariantGroup section */
		67BA2EAF1A6F7EA7008CC3F3 /* LaunchScreen.xib */ = {
			isa = PBXVariantGroup;
			children = (
				67BA2EB01A6F7EA7008CC3F3 /* Base */,
			);
			name = LaunchScreen.xib;
			sourceTree = "<group>";
		};
		67BA2ED21A701AE4008CC3F3 /* Main.storyboard */ = {
			isa = PBXVariantGroup;
			children = (
				67BA2ED31A701AE4008CC3F3 /* Base */,
			);
			name = Main.storyboard;
			sourceTree = "<group>";
		};
		67BA2EDA1A701BCA008CC3F3 /* Main.storyboard */ = {
			isa = PBXVariantGroup;
			children = (
				67BA2EDB1A701BCA008CC3F3 /* Base */,
			);
			name = Main.storyboard;
			sourceTree = "<group>";
		};
/* End PBXVariantGroup section */

/* Begin XCBuildConfiguration section */
		677C596F1A6F473500110D1C /* Debug */ = {
			isa = XCBuildConfiguration;
			buildSettings = {
				ALWAYS_SEARCH_USER_PATHS = NO;
				CLANG_CXX_LANGUAGE_STANDARD = "gnu++0x";
				CLANG_CXX_LIBRARY = "libc++";
				CLANG_ENABLE_MODULES = YES;
				CLANG_ENABLE_OBJC_ARC = YES;
				CLANG_WARN_BOOL_CONVERSION = YES;
				CLANG_WARN_CONSTANT_CONVERSION = YES;
				CLANG_WARN_DIRECT_OBJC_ISA_USAGE = YES_ERROR;
				CLANG_WARN_EMPTY_BODY = YES;
				CLANG_WARN_ENUM_CONVERSION = YES;
				CLANG_WARN_INT_CONVERSION = YES;
				CLANG_WARN_OBJC_ROOT_CLASS = YES_ERROR;
				CLANG_WARN_UNREACHABLE_CODE = YES;
				CLANG_WARN__DUPLICATE_METHOD_MATCH = YES;
				"CODE_SIGN_IDENTITY[sdk=iphoneos*]" = "iPhone Developer";
				COPY_PHASE_STRIP = NO;
				ENABLE_STRICT_OBJC_MSGSEND = YES;
				GCC_C_LANGUAGE_STANDARD = gnu99;
				GCC_DYNAMIC_NO_PIC = NO;
				GCC_OPTIMIZATION_LEVEL = 0;
				GCC_PREPROCESSOR_DEFINITIONS = (
					"DEBUG=1",
					"$(inherited)",
				);
				GCC_SYMBOLS_PRIVATE_EXTERN = NO;
				GCC_WARN_64_TO_32_BIT_CONVERSION = YES;
				GCC_WARN_ABOUT_RETURN_TYPE = YES_ERROR;
				GCC_WARN_UNDECLARED_SELECTOR = YES;
				GCC_WARN_UNINITIALIZED_AUTOS = YES_AGGRESSIVE;
				GCC_WARN_UNUSED_FUNCTION = YES;
				GCC_WARN_UNUSED_VARIABLE = YES;
				IPHONEOS_DEPLOYMENT_TARGET = 8.1;
				MTL_ENABLE_DEBUG_INFO = YES;
				ONLY_ACTIVE_ARCH = YES;
				SDKROOT = iphoneos;
				SWIFT_OPTIMIZATION_LEVEL = "-Onone";
				TARGETED_DEVICE_FAMILY = 2;
			};
			name = Debug;
		};
		677C59701A6F473500110D1C /* Release */ = {
			isa = XCBuildConfiguration;
			buildSettings = {
				ALWAYS_SEARCH_USER_PATHS = NO;
				CLANG_CXX_LANGUAGE_STANDARD = "gnu++0x";
				CLANG_CXX_LIBRARY = "libc++";
				CLANG_ENABLE_MODULES = YES;
				CLANG_ENABLE_OBJC_ARC = YES;
				CLANG_WARN_BOOL_CONVERSION = YES;
				CLANG_WARN_CONSTANT_CONVERSION = YES;
				CLANG_WARN_DIRECT_OBJC_ISA_USAGE = YES_ERROR;
				CLANG_WARN_EMPTY_BODY = YES;
				CLANG_WARN_ENUM_CONVERSION = YES;
				CLANG_WARN_INT_CONVERSION = YES;
				CLANG_WARN_OBJC_ROOT_CLASS = YES_ERROR;
				CLANG_WARN_UNREACHABLE_CODE = YES;
				CLANG_WARN__DUPLICATE_METHOD_MATCH = YES;
				"CODE_SIGN_IDENTITY[sdk=iphoneos*]" = "iPhone Developer";
				COPY_PHASE_STRIP = YES;
				ENABLE_NS_ASSERTIONS = NO;
				ENABLE_STRICT_OBJC_MSGSEND = YES;
				GCC_C_LANGUAGE_STANDARD = gnu99;
				GCC_WARN_64_TO_32_BIT_CONVERSION = YES;
				GCC_WARN_ABOUT_RETURN_TYPE = YES_ERROR;
				GCC_WARN_UNDECLARED_SELECTOR = YES;
				GCC_WARN_UNINITIALIZED_AUTOS = YES_AGGRESSIVE;
				GCC_WARN_UNUSED_FUNCTION = YES;
				GCC_WARN_UNUSED_VARIABLE = YES;
				IPHONEOS_DEPLOYMENT_TARGET = 8.1;
				MTL_ENABLE_DEBUG_INFO = NO;
				SDKROOT = iphoneos;
				TARGETED_DEVICE_FAMILY = 2;
				VALIDATE_PRODUCT = YES;
			};
			name = Release;
		};
		677C59721A6F473500110D1C /* Debug */ = {
			isa = XCBuildConfiguration;
			buildSettings = {
				ASSETCATALOG_COMPILER_APPICON_NAME = AppIcon;
				INFOPLIST_FILE = "$(SRCROOT)/SwiftChartsiOS/Info.plist";
				LD_RUNPATH_SEARCH_PATHS = "$(inherited) @executable_path/Frameworks";
				PRODUCT_NAME = "$(TARGET_NAME)";
			};
			name = Debug;
		};
		677C59731A6F473500110D1C /* Release */ = {
			isa = XCBuildConfiguration;
			buildSettings = {
				ASSETCATALOG_COMPILER_APPICON_NAME = AppIcon;
				INFOPLIST_FILE = "$(SRCROOT)/SwiftChartsiOS/Info.plist";
				LD_RUNPATH_SEARCH_PATHS = "$(inherited) @executable_path/Frameworks";
				PRODUCT_NAME = "$(TARGET_NAME)";
			};
			name = Release;
		};
		677C59951A6F475200110D1C /* Debug */ = {
			isa = XCBuildConfiguration;
			buildSettings = {
				ARCHS = "$(ARCHS_STANDARD)";
				ASSETCATALOG_COMPILER_APPICON_NAME = AppIcon;
				CODE_SIGN_IDENTITY = "-";
				COMBINE_HIDPI_IMAGES = YES;
				GCC_PREPROCESSOR_DEFINITIONS = (
					"DEBUG=1",
					"$(inherited)",
				);
				INFOPLIST_FILE = SwiftChartsMac/Info.plist;
				LD_RUNPATH_SEARCH_PATHS = "$(inherited) @executable_path/../Frameworks";
				MACOSX_DEPLOYMENT_TARGET = 10.10;
				PRODUCT_NAME = "$(TARGET_NAME)";
				SDKROOT = macosx;
			};
			name = Debug;
		};
		677C59961A6F475200110D1C /* Release */ = {
			isa = XCBuildConfiguration;
			buildSettings = {
				ARCHS = "$(ARCHS_STANDARD)";
				ASSETCATALOG_COMPILER_APPICON_NAME = AppIcon;
				CODE_SIGN_IDENTITY = "-";
				COMBINE_HIDPI_IMAGES = YES;
				DEBUG_INFORMATION_FORMAT = "dwarf-with-dsym";
				INFOPLIST_FILE = SwiftChartsMac/Info.plist;
				LD_RUNPATH_SEARCH_PATHS = "$(inherited) @executable_path/../Frameworks";
				MACOSX_DEPLOYMENT_TARGET = 10.10;
				PRODUCT_NAME = "$(TARGET_NAME)";
				SDKROOT = macosx;
			};
			name = Release;
		};
/* End XCBuildConfiguration section */

/* Begin XCConfigurationList section */
		677C594B1A6F473500110D1C /* Build configuration list for PBXProject "SwiftCharts" */ = {
			isa = XCConfigurationList;
			buildConfigurations = (
				677C596F1A6F473500110D1C /* Debug */,
				677C59701A6F473500110D1C /* Release */,
			);
			defaultConfigurationIsVisible = 0;
			defaultConfigurationName = Release;
		};
		677C59711A6F473500110D1C /* Build configuration list for PBXNativeTarget "SwiftChartsiOS" */ = {
			isa = XCConfigurationList;
			buildConfigurations = (
				677C59721A6F473500110D1C /* Debug */,
				677C59731A6F473500110D1C /* Release */,
			);
			defaultConfigurationIsVisible = 0;
			defaultConfigurationName = Release;
		};
		677C59941A6F475200110D1C /* Build configuration list for PBXNativeTarget "SwiftChartsMac" */ = {
			isa = XCConfigurationList;
			buildConfigurations = (
				677C59951A6F475200110D1C /* Debug */,
				677C59961A6F475200110D1C /* Release */,
			);
			defaultConfigurationIsVisible = 0;
			defaultConfigurationName = Release;
		};
/* End XCConfigurationList section */
	};
	rootObject = 677C59481A6F473500110D1C /* Project object */;
}
